<?xml version="1.0" encoding="utf-8"?>
<Project ToolsVersion="4.0" xmlns="http://schemas.microsoft.com/developer/msbuild/2003">
  <ItemGroup>
    <ClCompile Include="SmallPack.cpp" />
    <ClCompile Include="BaseClass.cpp" />
    <ClCompile Include="SmallPackPacker.cpp" />
    <ClCompile Include="SmallPackMessageComposer.cpp" />
    <ClCompile Include="SmallPackMessagePackList.cpp" />
    <ClCompile Include="SmallPackMessagePackReceiveBuffer.cpp" />
    <ClCompile Include="Server\SmallPackServerCommunicationCenter.cpp">
      <Filter>Server</Filter>
    </ClCompile>
    <ClCompile Include="Client\SmallPackClientCommunicationChannelNonReliable.cpp">
      <Filter>Client</Filter>
    </ClCompile>
    <ClCompile Include="Client\SmallPackClientCommunicationChannelReliable.cpp">
      <Filter>Client</Filter>
    </ClCompile>
    <ClCompile Include="Client\SmallPackClientCommunicationCenter.cpp">
      <Filter>Client</Filter>
    </ClCompile>
    <ClCompile Include="SmallPackCommunicationCenter.cpp" />
    <ClCompile Include="SmallPackCommunicationChannel.cpp" />
  </ItemGroup>
  <ItemGroup>
    <Filter Include="ThirdParty">
      <UniqueIdentifier>{eac40f99-50d3-4287-a9e1-05347da2d70c}</UniqueIdentifier>
    </Filter>
    <Filter Include="Server">
      <UniqueIdentifier>{aa366e10-95d3-4d59-975b-1c484ec226e1}</UniqueIdentifier>
    </Filter>
    <Filter Include="Client">
      <UniqueIdentifier>{9f97a49e-e05b-4079-99ef-2a5d0a1ef817}</UniqueIdentifier>
    </Filter>
  </ItemGroup>
  <ItemGroup>
    <ClInclude Include="BaseClass.h" />
    <ClInclude Include="SmallPackConfig.h" />
    <ClInclude Include="SmallPackPacker.h" />
    <ClInclude Include="SmallPackMessages.h" />
    <ClInclude Include="SmallPackMessageComposer.h" />
    <ClInclude Include="SmallPackMessagePackList.h" />
    <ClInclude Include="SmallPackMessagePackReceiveBuffer.h" />
    <ClInclude Include="Server\SmallPackServerCommunicationCenter.h">
      <Filter>Server</Filter>
    </ClInclude>
    <ClInclude Include="Client\SmallPackClientCommunicationChannelNonReliable.h">
      <Filter>Client</Filter>
    </ClInclude>
    <ClInclude Include="Client\SmallPackClientCommunicationChannelReliable.h">
      <Filter>Client</Filter>
    </ClInclude>
    <ClInclude Include="Client\SmallPackClientCommunicationCenter.h">
      <Filter>Client</Filter>
    </ClInclude>
    <ClInclude Include="SmallPackCommunicationCenter.h" />
    <ClInclude Include="SmallPackCommunicationChannel.h" />
  </ItemGroup>
</Project>